
Microsoft Visual Studio Solution File, Format Version 12.00
# Visual Studio Version 17
VisualStudioVersion = 17.8.34322.80
MinimumVisualStudioVersion = 10.0.40219.1
Project("{FAE04EC0-301F-11D3-BF4B-00C04F79EFBC}") = "Predavanje05_12_23", "Predavanje05_12_23\Predavanje05_12_23.csproj", "{37A6917A-61A0-468F-83FA-4408959C94F7}"
EndProject
Global
	GlobalSection(SolutionConfigurationPlatforms) = preSolution
		Debug|Any CPU = Debug|Any CPU
		Release|Any CPU = Release|Any CPU
	EndGlobalSection
	GlobalSection(ProjectConfigurationPlatforms) = postSolution
		{37A6917A-61A0-468F-83FA-4408959C94F7}.Debug|Any CPU.ActiveCfg = Debug|Any CPU
		{37A6917A-61A0-468F-83FA-4408959C94F7}.Debug|Any CPU.Build.0 = Debug|Any CPU
		{37A6917A-61A0-468F-83FA-4408959C94F7}.Release|Any CPU.ActiveCfg = Release|Any CPU
		{37A6917A-61A0-468F-83FA-4408959C94F7}.Release|Any CPU.Build.0 = Release|Any CPU
	EndGlobalSection
	GlobalSection(SolutionProperties) = preSolution
		HideSolutionNode = FALSE
	EndGlobalSection
	GlobalSection(ExtensibilityGlobals) = postSolution
		SolutionGuid = {C3C3FF9C-4D97-43F7-AAD4-744107711BB3}
	EndGlobalSection
EndGlobal
