
Microsoft Visual Studio Solution File, Format Version 12.00
# Visual Studio Version 17
VisualStudioVersion = 17.8.34322.80
MinimumVisualStudioVersion = 10.0.40219.1
Project("{FAE04EC0-301F-11D3-BF4B-00C04F79EFBC}") = "Ispit.Konzola", "Ispit.Konzola\Ispit.Konzola.csproj", "{8CD4DA08-EB6B-4D1C-AB86-F950E97403F3}"
EndProject
Global
	GlobalSection(SolutionConfigurationPlatforms) = preSolution
		Debug|Any CPU = Debug|Any CPU
		Release|Any CPU = Release|Any CPU
	EndGlobalSection
	GlobalSection(ProjectConfigurationPlatforms) = postSolution
		{8CD4DA08-EB6B-4D1C-AB86-F950E97403F3}.Debug|Any CPU.ActiveCfg = Debug|Any CPU
		{8CD4DA08-EB6B-4D1C-AB86-F950E97403F3}.Debug|Any CPU.Build.0 = Debug|Any CPU
		{8CD4DA08-EB6B-4D1C-AB86-F950E97403F3}.Release|Any CPU.ActiveCfg = Release|Any CPU
		{8CD4DA08-EB6B-4D1C-AB86-F950E97403F3}.Release|Any CPU.Build.0 = Release|Any CPU
	EndGlobalSection
	GlobalSection(SolutionProperties) = preSolution
		HideSolutionNode = FALSE
	EndGlobalSection
	GlobalSection(ExtensibilityGlobals) = postSolution
		SolutionGuid = {68BE4D9B-1635-45C0-804B-26DA24B2AFE1}
	EndGlobalSection
EndGlobal
