
Microsoft Visual Studio Solution File, Format Version 12.00
# Visual Studio Version 17
VisualStudioVersion = 17.8.34322.80
MinimumVisualStudioVersion = 10.0.40219.1
Project("{FAE04EC0-301F-11D3-BF4B-00C04F79EFBC}") = "Predavanje11_12_23", "Predavanje11_12_23\Predavanje11_12_23.csproj", "{393BB13A-842A-4D48-849C-506E20796702}"
EndProject
Global
	GlobalSection(SolutionConfigurationPlatforms) = preSolution
		Debug|Any CPU = Debug|Any CPU
		Release|Any CPU = Release|Any CPU
	EndGlobalSection
	GlobalSection(ProjectConfigurationPlatforms) = postSolution
		{393BB13A-842A-4D48-849C-506E20796702}.Debug|Any CPU.ActiveCfg = Debug|Any CPU
		{393BB13A-842A-4D48-849C-506E20796702}.Debug|Any CPU.Build.0 = Debug|Any CPU
		{393BB13A-842A-4D48-849C-506E20796702}.Release|Any CPU.ActiveCfg = Release|Any CPU
		{393BB13A-842A-4D48-849C-506E20796702}.Release|Any CPU.Build.0 = Release|Any CPU
	EndGlobalSection
	GlobalSection(SolutionProperties) = preSolution
		HideSolutionNode = FALSE
	EndGlobalSection
	GlobalSection(ExtensibilityGlobals) = postSolution
		SolutionGuid = {82AD7196-1F28-4481-813C-633A775E4371}
	EndGlobalSection
EndGlobal
